
Microsoft Visual Studio Solution File, Format Version 12.00
# Visual Studio 15
VisualStudioVersion = 15.0.28307.572
MinimumVisualStudioVersion = 10.0.40219.1
Project("{9A19103F-16F7-4668-BE54-9A1E7A4F7556}") = "CoreBot", "CoreBot.csproj", "{129440C9-0279-4669-840A-9A407E3C92B0}"
EndProject
Global
	GlobalSection(SolutionConfigurationPlatforms) = preSolution
		Debug|Any CPU = Debug|Any CPU
		Release|Any CPU = Release|Any CPU
	EndGlobalSection
	GlobalSection(ProjectConfigurationPlatforms) = postSolution
		{129440C9-0279-4669-840A-9A407E3C92B0}.Debug|Any CPU.ActiveCfg = Debug|Any CPU
		{129440C9-0279-4669-840A-9A407E3C92B0}.Debug|Any CPU.Build.0 = Debug|Any CPU
		{129440C9-0279-4669-840A-9A407E3C92B0}.Release|Any CPU.ActiveCfg = Release|Any CPU
		{129440C9-0279-4669-840A-9A407E3C92B0}.Release|Any CPU.Build.0 = Release|Any CPU
	EndGlobalSection
	GlobalSection(SolutionProperties) = preSolution
		HideSolutionNode = FALSE
	EndGlobalSection
	GlobalSection(ExtensibilityGlobals) = postSolution
		SolutionGuid = {2C42F20B-3F38-4F02-82D4-1AF6F219BA2A}
	EndGlobalSection
EndGlobal
